
Microsoft Visual Studio Solution File, Format Version 12.00
# Visual Studio Version 17
VisualStudioVersion = 17.7.34003.232
MinimumVisualStudioVersion = 10.0.40219.1
Project("{9A19103F-16F7-4668-BE54-9A1E7A4F7556}") = "CustomMiddleware", "CustomMiddleware.csproj", "{287A84BB-D23D-4E24-B14E-B46D8051FDF2}"
EndProject
Project("{9A19103F-16F7-4668-BE54-9A1E7A4F7556}") = "DemoLibrary", "..\DemoLibrary\DemoLibrary.csproj", "{1763C11F-E829-4514-B237-F2F9ADB0B001}"
EndProject
Project("{9A19103F-16F7-4668-BE54-9A1E7A4F7556}") = "UI", "..\UI\UI.csproj", "{999AAAD7-338C-4152-9197-FBA13F1E39E1}"
EndProject
Project("{FAE04EC0-301F-11D3-BF4B-00C04F79EFBC}") = "00AccessModifiers", "..\00AccessModifiers\00AccessModifiers.csproj", "{DE3B4977-BDC1-4293-827D-6B55FB0E9438}"
EndProject
Project("{FAE04EC0-301F-11D3-BF4B-00C04F79EFBC}") = "00AccessModifierLibrary", "..\00AccessModifierLibrary\00AccessModifierLibrary.csproj", "{27AE6AA8-BDD5-4283-9739-4BD5B64FB099}"
EndProject
Project("{FAE04EC0-301F-11D3-BF4B-00C04F79EFBC}") = "01ExceptionHandling", "..\01ExceptionHandling\01ExceptionHandling.csproj", "{2C8096B5-7C18-4F09-9097-09FFCA4DA1BD}"
EndProject
Global
	GlobalSection(SolutionConfigurationPlatforms) = preSolution
		Debug|Any CPU = Debug|Any CPU
		Release|Any CPU = Release|Any CPU
	EndGlobalSection
	GlobalSection(ProjectConfigurationPlatforms) = postSolution
		{287A84BB-D23D-4E24-B14E-B46D8051FDF2}.Debug|Any CPU.ActiveCfg = Debug|Any CPU
		{287A84BB-D23D-4E24-B14E-B46D8051FDF2}.Debug|Any CPU.Build.0 = Debug|Any CPU
		{287A84BB-D23D-4E24-B14E-B46D8051FDF2}.Release|Any CPU.ActiveCfg = Release|Any CPU
		{287A84BB-D23D-4E24-B14E-B46D8051FDF2}.Release|Any CPU.Build.0 = Release|Any CPU
		{1763C11F-E829-4514-B237-F2F9ADB0B001}.Debug|Any CPU.ActiveCfg = Debug|Any CPU
		{1763C11F-E829-4514-B237-F2F9ADB0B001}.Debug|Any CPU.Build.0 = Debug|Any CPU
		{1763C11F-E829-4514-B237-F2F9ADB0B001}.Release|Any CPU.ActiveCfg = Release|Any CPU
		{1763C11F-E829-4514-B237-F2F9ADB0B001}.Release|Any CPU.Build.0 = Release|Any CPU
		{999AAAD7-338C-4152-9197-FBA13F1E39E1}.Debug|Any CPU.ActiveCfg = Debug|Any CPU
		{999AAAD7-338C-4152-9197-FBA13F1E39E1}.Debug|Any CPU.Build.0 = Debug|Any CPU
		{999AAAD7-338C-4152-9197-FBA13F1E39E1}.Release|Any CPU.ActiveCfg = Release|Any CPU
		{999AAAD7-338C-4152-9197-FBA13F1E39E1}.Release|Any CPU.Build.0 = Release|Any CPU
		{DE3B4977-BDC1-4293-827D-6B55FB0E9438}.Debug|Any CPU.ActiveCfg = Debug|Any CPU
		{DE3B4977-BDC1-4293-827D-6B55FB0E9438}.Debug|Any CPU.Build.0 = Debug|Any CPU
		{DE3B4977-BDC1-4293-827D-6B55FB0E9438}.Release|Any CPU.ActiveCfg = Release|Any CPU
		{DE3B4977-BDC1-4293-827D-6B55FB0E9438}.Release|Any CPU.Build.0 = Release|Any CPU
		{27AE6AA8-BDD5-4283-9739-4BD5B64FB099}.Debug|Any CPU.ActiveCfg = Debug|Any CPU
		{27AE6AA8-BDD5-4283-9739-4BD5B64FB099}.Debug|Any CPU.Build.0 = Debug|Any CPU
		{27AE6AA8-BDD5-4283-9739-4BD5B64FB099}.Release|Any CPU.ActiveCfg = Release|Any CPU
		{27AE6AA8-BDD5-4283-9739-4BD5B64FB099}.Release|Any CPU.Build.0 = Release|Any CPU
		{2C8096B5-7C18-4F09-9097-09FFCA4DA1BD}.Debug|Any CPU.ActiveCfg = Debug|Any CPU
		{2C8096B5-7C18-4F09-9097-09FFCA4DA1BD}.Debug|Any CPU.Build.0 = Debug|Any CPU
		{2C8096B5-7C18-4F09-9097-09FFCA4DA1BD}.Release|Any CPU.ActiveCfg = Release|Any CPU
		{2C8096B5-7C18-4F09-9097-09FFCA4DA1BD}.Release|Any CPU.Build.0 = Release|Any CPU
	EndGlobalSection
	GlobalSection(SolutionProperties) = preSolution
		HideSolutionNode = FALSE
	EndGlobalSection
	GlobalSection(ExtensibilityGlobals) = postSolution
		SolutionGuid = {B2709A70-DA33-4162-B2E0-3E3322E442F8}
	EndGlobalSection
EndGlobal
